
Microsoft Visual Studio Solution File, Format Version 12.00
# Visual Studio Version 17
VisualStudioVersion = 17.7.34031.279
MinimumVisualStudioVersion = 10.0.40219.1
Project("{FAE04EC0-301F-11D3-BF4B-00C04F79EFBC}") = "FactoryMethod", "FactoryMethod\FactoryMethod.csproj", "{B845D006-60D5-406E-9441-49C8DC540715}"
EndProject
Project("{FAE04EC0-301F-11D3-BF4B-00C04F79EFBC}") = "AbstractFactory", "AbstractFactory\AbstractFactory.csproj", "{424813ED-A99D-4AE8-9F1E-99D7F8B84539}"
EndProject
Project("{FAE04EC0-301F-11D3-BF4B-00C04F79EFBC}") = "Singleton", "Singleton\Singleton.csproj", "{ED178A7E-72C4-491A-9DD9-B78ABBBCD35C}"
EndProject
Project("{FAE04EC0-301F-11D3-BF4B-00C04F79EFBC}") = "Prototype", "Prototype\Prototype.csproj", "{713AA2B5-BE9E-472A-8361-37AC00271971}"
EndProject
Project("{FAE04EC0-301F-11D3-BF4B-00C04F79EFBC}") = "Builder", "Builder\Builder.csproj", "{A261BB69-CFDE-4410-8AC4-5ECE0000F0D0}"
EndProject
Global
	GlobalSection(SolutionConfigurationPlatforms) = preSolution
		Debug|Any CPU = Debug|Any CPU
		Release|Any CPU = Release|Any CPU
	EndGlobalSection
	GlobalSection(ProjectConfigurationPlatforms) = postSolution
		{B845D006-60D5-406E-9441-49C8DC540715}.Debug|Any CPU.ActiveCfg = Debug|Any CPU
		{B845D006-60D5-406E-9441-49C8DC540715}.Debug|Any CPU.Build.0 = Debug|Any CPU
		{B845D006-60D5-406E-9441-49C8DC540715}.Release|Any CPU.ActiveCfg = Release|Any CPU
		{B845D006-60D5-406E-9441-49C8DC540715}.Release|Any CPU.Build.0 = Release|Any CPU
		{424813ED-A99D-4AE8-9F1E-99D7F8B84539}.Debug|Any CPU.ActiveCfg = Debug|Any CPU
		{424813ED-A99D-4AE8-9F1E-99D7F8B84539}.Debug|Any CPU.Build.0 = Debug|Any CPU
		{424813ED-A99D-4AE8-9F1E-99D7F8B84539}.Release|Any CPU.ActiveCfg = Release|Any CPU
		{424813ED-A99D-4AE8-9F1E-99D7F8B84539}.Release|Any CPU.Build.0 = Release|Any CPU
		{ED178A7E-72C4-491A-9DD9-B78ABBBCD35C}.Debug|Any CPU.ActiveCfg = Debug|Any CPU
		{ED178A7E-72C4-491A-9DD9-B78ABBBCD35C}.Debug|Any CPU.Build.0 = Debug|Any CPU
		{ED178A7E-72C4-491A-9DD9-B78ABBBCD35C}.Release|Any CPU.ActiveCfg = Release|Any CPU
		{ED178A7E-72C4-491A-9DD9-B78ABBBCD35C}.Release|Any CPU.Build.0 = Release|Any CPU
		{713AA2B5-BE9E-472A-8361-37AC00271971}.Debug|Any CPU.ActiveCfg = Debug|Any CPU
		{713AA2B5-BE9E-472A-8361-37AC00271971}.Debug|Any CPU.Build.0 = Debug|Any CPU
		{713AA2B5-BE9E-472A-8361-37AC00271971}.Release|Any CPU.ActiveCfg = Release|Any CPU
		{713AA2B5-BE9E-472A-8361-37AC00271971}.Release|Any CPU.Build.0 = Release|Any CPU
		{A261BB69-CFDE-4410-8AC4-5ECE0000F0D0}.Debug|Any CPU.ActiveCfg = Debug|Any CPU
		{A261BB69-CFDE-4410-8AC4-5ECE0000F0D0}.Debug|Any CPU.Build.0 = Debug|Any CPU
		{A261BB69-CFDE-4410-8AC4-5ECE0000F0D0}.Release|Any CPU.ActiveCfg = Release|Any CPU
		{A261BB69-CFDE-4410-8AC4-5ECE0000F0D0}.Release|Any CPU.Build.0 = Release|Any CPU
	EndGlobalSection
	GlobalSection(SolutionProperties) = preSolution
		HideSolutionNode = FALSE
	EndGlobalSection
	GlobalSection(ExtensibilityGlobals) = postSolution
		SolutionGuid = {FB2BE74E-ADAB-46EE-A982-088F71D35111}
	EndGlobalSection
EndGlobal
